PODS:
  - customerio (0.0.1):
    - CustomerIOMessagingPushAPN (~> 1.2.0-beta.1)
    - CustomerIOTracking (~> 1.2.0-beta.1)
    - Flutter
  - CustomerIOCommon (1.2.0-beta.1)
  - CustomerIOMessagingPush (1.2.0-beta.1):
    - CustomerIOTracking (= 1.2.0-beta.1)
  - CustomerIOMessagingPushAPN (1.2.0-beta.1):
    - CustomerIOMessagingPush (= 1.2.0-beta.1)
  - CustomerIOTracking (1.2.0-beta.1):
    - CustomerIOCommon (= 1.2.0-beta.1)
  - Flutter (1.0.0)

DEPENDENCIES:
  - customerio (from `.symlinks/plugins/customerio/ios`)
  - Flutter (from `Flutter`)

SPEC REPOS:
  trunk:
    - CustomerIOCommon
    - CustomerIOMessagingPush
    - CustomerIOMessagingPushAPN
    - CustomerIOTracking

EXTERNAL SOURCES:
  customerio:
    :path: ".symlinks/plugins/customerio/ios"
  Flutter:
    :path: Flutter

SPEC CHECKSUMS:
  customerio: 66b60f97d1d9225d5dc85fcf7bf92d8d442a5975
  CustomerIOCommon: 76c3e01c7bc221755b31869fda6d87b2cf8c1901
  CustomerIOMessagingPush: 18f4d2e17b647f1d8e6e64cc6dd4a31f88dbdf46
  CustomerIOMessagingPushAPN: 43422698fbe2048a45ca952c38defffea1c3dfe9
  CustomerIOTracking: cdfeb8e8a9f268796b333a3e8e50d4872146c276
  Flutter: 50d75fe2f02b26cc09d224853bb45737f8b3214a

PODFILE CHECKSUM: 30517025a2fecca2d72dac25f08abb5b9a8f1a56

COCOAPODS: 1.11.3
